
Microsoft Visual Studio Solution File, Format Version 12.00
# Visual Studio Version 17
VisualStudioVersion = 17.0.32126.317
MinimumVisualStudioVersion = 10.0.40219.1
Project("{FAE04EC0-301F-11D3-BF4B-00C04F79EFBC}") = "KA1", "KA1\KA1.csproj", "{AC7B2F09-D26C-486A-B324-B89E69820EB8}"
EndProject
Global
	GlobalSection(SolutionConfigurationPlatforms) = preSolution
		Debug|Any CPU = Debug|Any CPU
		Release|Any CPU = Release|Any CPU
	EndGlobalSection
	GlobalSection(ProjectConfigurationPlatforms) = postSolution
		{AC7B2F09-D26C-486A-B324-B89E69820EB8}.Debug|Any CPU.ActiveCfg = Debug|Any CPU
		{AC7B2F09-D26C-486A-B324-B89E69820EB8}.Debug|Any CPU.Build.0 = Debug|Any CPU
		{AC7B2F09-D26C-486A-B324-B89E69820EB8}.Release|Any CPU.ActiveCfg = Release|Any CPU
		{AC7B2F09-D26C-486A-B324-B89E69820EB8}.Release|Any CPU.Build.0 = Release|Any CPU
	EndGlobalSection
	GlobalSection(SolutionProperties) = preSolution
		HideSolutionNode = FALSE
	EndGlobalSection
	GlobalSection(ExtensibilityGlobals) = postSolution
		SolutionGuid = {423CA6BC-0067-4696-8710-F9EB5256EF1E}
	EndGlobalSection
EndGlobal
